// !$*UTF8*$!
{
	archiveVersion = 1;
	classes = {
	};
	objectVersion = 46;
	objects = {

/* Begin PBXBuildFile section */
		1BF0EF468ACE080773B95456 /* Pods_Vanity.framework in Frameworks */ = {isa = PBXBuildFile; fileRef = EE728ADEB7B431934AF6BC3F /* Pods_Vanity.framework */; };
		7A65D93C1F33A2A900AA0C7E /* AuthService.swift in Sources */ = {isa = PBXBuildFile; fileRef = 7A65D93B1F33A2A900AA0C7E /* AuthService.swift */; };
		7A6711401F337255007542EC /* Assets.xcassets in Resources */ = {isa = PBXBuildFile; fileRef = 7A67113F1F337255007542EC /* Assets.xcassets */; };
		7A7305D61F3009D30022A2CD /* AppDelegate.swift in Sources */ = {isa = PBXBuildFile; fileRef = 7A7305D51F3009D30022A2CD /* AppDelegate.swift */; };
		7A7305D81F3009D30022A2CD /* ViewController.swift in Sources */ = {isa = PBXBuildFile; fileRef = 7A7305D71F3009D30022A2CD /* ViewController.swift */; };
		7A7305DB1F3009D30022A2CD /* Main.storyboard in Resources */ = {isa = PBXBuildFile; fileRef = 7A7305D91F3009D30022A2CD /* Main.storyboard */; };
		7A7305E01F3009D30022A2CD /* LaunchScreen.storyboard in Resources */ = {isa = PBXBuildFile; fileRef = 7A7305DE1F3009D30022A2CD /* LaunchScreen.storyboard */; };
		7AA0BA131F3CB43500A8A6BE /* Profile.storyboard in Resources */ = {isa = PBXBuildFile; fileRef = 7AA0BA111F3CB43500A8A6BE /* Profile.storyboard */; };
		7AA0BA151F3CB49B00A8A6BE /* CreateEvent.storyboard in Resources */ = {isa = PBXBuildFile; fileRef = 7AA0BA141F3CB49B00A8A6BE /* CreateEvent.storyboard */; };
		7AA0BA181F3CB4F200A8A6BE /* MyEvents.storyboard in Resources */ = {isa = PBXBuildFile; fileRef = 7AA0BA161F3CB4F200A8A6BE /* MyEvents.storyboard */; };
		7AA3BD5F1F34B97D001D669F /* LoginViewController.swift in Sources */ = {isa = PBXBuildFile; fileRef = 7AA3BD5E1F34B97D001D669F /* LoginViewController.swift */; };
		7AA3BD611F34C6F6001D669F /* CreateUsername.swift in Sources */ = {isa = PBXBuildFile; fileRef = 7AA3BD601F34C6F6001D669F /* CreateUsername.swift */; };
		7AAA28091F329AD500B5EA6C /* GoogleService-Info.plist in Resources */ = {isa = PBXBuildFile; fileRef = 7AAA28081F329AD500B5EA6C /* GoogleService-Info.plist */; };
		7AFFA1EE1F325D490001D162 /* UserService.swift in Sources */ = {isa = PBXBuildFile; fileRef = 7AFFA1ED1F325D490001D162 /* UserService.swift */; };
		7AFFA1F31F325DB80001D162 /* User.swift in Sources */ = {isa = PBXBuildFile; fileRef = 7AFFA1F21F325DB80001D162 /* User.swift */; };
		7AFFA1F61F325E110001D162 /* Constants.swift in Sources */ = {isa = PBXBuildFile; fileRef = 7AFFA1F51F325E110001D162 /* Constants.swift */; };
		7AFFA1F91F325E580001D162 /* SignUp.storyboard in Resources */ = {isa = PBXBuildFile; fileRef = 7AFFA1F81F325E580001D162 /* SignUp.storyboard */; };
		7AFFA1FC1F325EDA0001D162 /* SignUpViewController.swift in Sources */ = {isa = PBXBuildFile; fileRef = 7AFFA1FB1F325EDA0001D162 /* SignUpViewController.swift */; };
		7AFFA1FF1F3260760001D162 /* Helpers.swift in Sources */ = {isa = PBXBuildFile; fileRef = 7AFFA1FE1F3260760001D162 /* Helpers.swift */; };
/* End PBXBuildFile section */

/* Begin PBXFileReference section */
		7A65D93B1F33A2A900AA0C7E /* AuthService.swift */ = {isa = PBXFileReference; fileEncoding = 4; lastKnownFileType = sourcecode.swift; name = AuthService.swift; path = Vanity/Services/AuthService.swift; sourceTree = "<group>"; };
		7A67113F1F337255007542EC /* Assets.xcassets */ = {isa = PBXFileReference; lastKnownFileType = folder.assetcatalog; path = Assets.xcassets; sourceTree = "<group>"; };
		7A7305D21F3009D30022A2CD /* Vanity.app */ = {isa = PBXFileReference; explicitFileType = wrapper.application; includeInIndex = 0; path = Vanity.app; sourceTree = BUILT_PRODUCTS_DIR; };
		7A7305D51F3009D30022A2CD /* AppDelegate.swift */ = {isa = PBXFileReference; lastKnownFileType = sourcecode.swift; name = AppDelegate.swift; path = Vanity/AppDelegate.swift; sourceTree = "<group>"; };
		7A7305D71F3009D30022A2CD /* ViewController.swift */ = {isa = PBXFileReference; lastKnownFileType = sourcecode.swift; name = ViewController.swift; path = Vanity/ViewController.swift; sourceTree = "<group>"; };
		7A7305DA1F3009D30022A2CD /* Base */ = {isa = PBXFileReference; lastKnownFileType = file.storyboard; name = Base; path = Base.lproj/Main.storyboard; sourceTree = "<group>"; };
		7A7305DF1F3009D30022A2CD /* Base */ = {isa = PBXFileReference; lastKnownFileType = file.storyboard; name = Base; path = Base.lproj/LaunchScreen.storyboard; sourceTree = "<group>"; };
		7A7305E11F3009D30022A2CD /* Info.plist */ = {isa = PBXFileReference; lastKnownFileType = text.plist.xml; path = Info.plist; sourceTree = "<group>"; };
		7AA0BA121F3CB43500A8A6BE /* Base */ = {isa = PBXFileReference; lastKnownFileType = file.storyboard; name = Base; path = Vanity/Base.lproj/Profile.storyboard; sourceTree = "<group>"; };
		7AA0BA141F3CB49B00A8A6BE /* CreateEvent.storyboard */ = {isa = PBXFileReference; fileEncoding = 4; lastKnownFileType = file.storyboard; path = CreateEvent.storyboard; sourceTree = "<group>"; };
		7AA0BA171F3CB4F200A8A6BE /* Base */ = {isa = PBXFileReference; lastKnownFileType = file.storyboard; name = Base; path = Vanity/Base.lproj/MyEvents.storyboard; sourceTree = "<group>"; };
		7AA3BD5E1F34B97D001D669F /* LoginViewController.swift */ = {isa = PBXFileReference; fileEncoding = 4; lastKnownFileType = sourcecode.swift; name = LoginViewController.swift; path = "Vanity/View Controllers/LoginViewController.swift"; sourceTree = "<group>"; };
		7AA3BD601F34C6F6001D669F /* CreateUsername.swift */ = {isa = PBXFileReference; fileEncoding = 4; lastKnownFileType = sourcecode.swift; name = CreateUsername.swift; path = "Vanity/View Controllers/CreateUsername.swift"; sourceTree = "<group>"; };
		7AAA28081F329AD500B5EA6C /* GoogleService-Info.plist */ = {isa = PBXFileReference; fileEncoding = 4; lastKnownFileType = text.plist.xml; path = "GoogleService-Info.plist"; sourceTree = "<group>"; };
		7AFFA1ED1F325D490001D162 /* UserService.swift */ = {isa = PBXFileReference; fileEncoding = 4; lastKnownFileType = sourcecode.swift; name = UserService.swift; path = Vanity/Services/UserService.swift; sourceTree = "<group>"; };
		7AFFA1F21F325DB80001D162 /* User.swift */ = {isa = PBXFileReference; fileEncoding = 4; lastKnownFileType = sourcecode.swift; name = User.swift; path = Vanity/Models/User.swift; sourceTree = "<group>"; };
		7AFFA1F51F325E110001D162 /* Constants.swift */ = {isa = PBXFileReference; fileEncoding = 4; lastKnownFileType = sourcecode.swift; name = Constants.swift; path = "Vanity/Supporting Files/Constants.swift"; sourceTree = "<group>"; };
		7AFFA1F81F325E580001D162 /* SignUp.storyboard */ = {isa = PBXFileReference; fileEncoding = 4; lastKnownFileType = file.storyboard; name = SignUp.storyboard; path = Vanity/Storyboards/SignUp.storyboard; sourceTree = "<group>"; };
		7AFFA1FB1F325EDA0001D162 /* SignUpViewController.swift */ = {isa = PBXFileReference; fileEncoding = 4; lastKnownFileType = sourcecode.swift; name = SignUpViewController.swift; path = "Vanity/View Controllers/SignUpViewController.swift"; sourceTree = "<group>"; };
		7AFFA1FE1F3260760001D162 /* Helpers.swift */ = {isa = PBXFileReference; fileEncoding = 4; lastKnownFileType = sourcecode.swift; name = Helpers.swift; path = Vanity/Helpers/Helpers.swift; sourceTree = "<group>"; };
		8C5D84F26BCC2431CB7D333B /* Pods-Vanity.release.xcconfig */ = {isa = PBXFileReference; includeInIndex = 1; lastKnownFileType = text.xcconfig; name = "Pods-Vanity.release.xcconfig"; path = "Pods/Target Support Files/Pods-Vanity/Pods-Vanity.release.xcconfig"; sourceTree = "<group>"; };
		9C1561C0370BDBD566E59506 /* Pods-Vanity.debug.xcconfig */ = {isa = PBXFileReference; includeInIndex = 1; lastKnownFileType = text.xcconfig; name = "Pods-Vanity.debug.xcconfig"; path = "Pods/Target Support Files/Pods-Vanity/Pods-Vanity.debug.xcconfig"; sourceTree = "<group>"; };
		EE728ADEB7B431934AF6BC3F /* Pods_Vanity.framework */ = {isa = PBXFileReference; explicitFileType = wrapper.framework; includeInIndex = 0; path = Pods_Vanity.framework; sourceTree = BUILT_PRODUCTS_DIR; };
/* End PBXFileReference section */

/* Begin PBXFrameworksBuildPhase section */
		7A7305CF1F3009D30022A2CD /* Frameworks */ = {
			isa = PBXFrameworksBuildPhase;
			buildActionMask = 2147483647;
			files = (
				1BF0EF468ACE080773B95456 /* Pods_Vanity.framework in Frameworks */,
			);
			runOnlyForDeploymentPostprocessing = 0;
		};
/* End PBXFrameworksBuildPhase section */

/* Begin PBXGroup section */
		257EFF23497AE92EEE84A49F /* Frameworks */ = {
			isa = PBXGroup;
			children = (
				EE728ADEB7B431934AF6BC3F /* Pods_Vanity.framework */,
			);
			name = Frameworks;
			sourceTree = "<group>";
		};
		7A7305C91F3009D30022A2CD = {
			isa = PBXGroup;
			children = (
				7A7305D41F3009D30022A2CD /* Vanity */,
				7A7305D31F3009D30022A2CD /* Products */,
				D5C22C049882C26B56D03A59 /* Pods */,
				257EFF23497AE92EEE84A49F /* Frameworks */,
			);
			sourceTree = "<group>";
		};
		7A7305D31F3009D30022A2CD /* Products */ = {
			isa = PBXGroup;
			children = (
				7A7305D21F3009D30022A2CD /* Vanity.app */,
			);
			name = Products;
			sourceTree = "<group>";
		};
		7A7305D41F3009D30022A2CD /* Vanity */ = {
			isa = PBXGroup;
			children = (
				7AFFA1FD1F3260560001D162 /* Helpers */,
				7AFFA1FA1F325EC00001D162 /* View Controller */,
				7AFFA1F71F325E460001D162 /* Storyboards */,
				7AFFA1F41F325DF90001D162 /* Supporting Files */,
				7AFFA1EF1F325D9B0001D162 /* Models */,
				7AFFA1EC1F325D360001D162 /* Services */,
				7A67113F1F337255007542EC /* Assets.xcassets */,
				7A7305E11F3009D30022A2CD /* Info.plist */,
				7AAA28081F329AD500B5EA6C /* GoogleService-Info.plist */,
			);
			path = Vanity;
			sourceTree = "<group>";
		};
		7AFFA1EC1F325D360001D162 /* Services */ = {
			isa = PBXGroup;
			children = (
				7AFFA1ED1F325D490001D162 /* UserService.swift */,
				7A65D93B1F33A2A900AA0C7E /* AuthService.swift */,
			);
			name = Services;
			path = ..;
			sourceTree = "<group>";
		};
		7AFFA1EF1F325D9B0001D162 /* Models */ = {
			isa = PBXGroup;
			children = (
				7AFFA1F21F325DB80001D162 /* User.swift */,
			);
			name = Models;
			path = ..;
			sourceTree = "<group>";
		};
		7AFFA1F41F325DF90001D162 /* Supporting Files */ = {
			isa = PBXGroup;
			children = (
				7AFFA1F51F325E110001D162 /* Constants.swift */,
			);
			name = "Supporting Files";
			path = ..;
			sourceTree = "<group>";
		};
		7AFFA1F71F325E460001D162 /* Storyboards */ = {
			isa = PBXGroup;
			children = (
				7A7305D91F3009D30022A2CD /* Main.storyboard */,
				7AA0BA161F3CB4F200A8A6BE /* MyEvents.storyboard */,
				7AA0BA141F3CB49B00A8A6BE /* CreateEvent.storyboard */,
				7AA0BA111F3CB43500A8A6BE /* Profile.storyboard */,
				7AFFA1F81F325E580001D162 /* SignUp.storyboard */,
				7A7305DE1F3009D30022A2CD /* LaunchScreen.storyboard */,
			);
			name = Storyboards;
			path = ..;
			sourceTree = "<group>";
		};
		7AFFA1FA1F325EC00001D162 /* View Controller */ = {
			isa = PBXGroup;
			children = (
				7A7305D71F3009D30022A2CD /* ViewController.swift */,
				7A7305D51F3009D30022A2CD /* AppDelegate.swift */,
				7AFFA1FB1F325EDA0001D162 /* SignUpViewController.swift */,
				7AA3BD5E1F34B97D001D669F /* LoginViewController.swift */,
				7AA3BD601F34C6F6001D669F /* CreateUsername.swift */,
			);
			name = "View Controller";
			path = ..;
			sourceTree = "<group>";
		};
		7AFFA1FD1F3260560001D162 /* Helpers */ = {
			isa = PBXGroup;
			children = (
				7AFFA1FE1F3260760001D162 /* Helpers.swift */,
			);
			name = Helpers;
			path = ..;
			sourceTree = "<group>";
		};
		D5C22C049882C26B56D03A59 /* Pods */ = {
			isa = PBXGroup;
			children = (
				9C1561C0370BDBD566E59506 /* Pods-Vanity.debug.xcconfig */,
				8C5D84F26BCC2431CB7D333B /* Pods-Vanity.release.xcconfig */,
			);
			name = Pods;
			sourceTree = "<group>";
		};
/* End PBXGroup section */

/* Begin PBXNativeTarget section */
		7A7305D11F3009D30022A2CD /* Vanity */ = {
			isa = PBXNativeTarget;
			buildConfigurationList = 7A7305E41F3009D30022A2CD /* Build configuration list for PBXNativeTarget "Vanity" */;
			buildPhases = (
				2BC4B2AB3DF8292A87BDD95A /* [CP] Check Pods Manifest.lock */,
				7A7305CE1F3009D30022A2CD /* Sources */,
				7A7305CF1F3009D30022A2CD /* Frameworks */,
				7A7305D01F3009D30022A2CD /* Resources */,
				2D2A0059538BDFEAAB90F768 /* [CP] Embed Pods Frameworks */,
				D45A7D146CC2C87EB1A4950A /* [CP] Copy Pods Resources */,
			);
			buildRules = (
			);
			dependencies = (
			);
			name = Vanity;
			productName = Vanity;
			productReference = 7A7305D21F3009D30022A2CD /* Vanity.app */;
			productType = "com.apple.product-type.application";
		};
/* End PBXNativeTarget section */

/* Begin PBXProject section */
		7A7305CA1F3009D30022A2CD /* Project object */ = {
			isa = PBXProject;
			attributes = {
				LastSwiftUpdateCheck = 0830;
				LastUpgradeCheck = 0830;
				ORGANIZATIONNAME = "Selim Ben Lamine";
				TargetAttributes = {
					7A7305D11F3009D30022A2CD = {
						CreatedOnToolsVersion = 8.3.3;
						DevelopmentTeam = KWK86AMUQU;
						ProvisioningStyle = Automatic;
					};
				};
			};
			buildConfigurationList = 7A7305CD1F3009D30022A2CD /* Build configuration list for PBXProject "Vanity" */;
			compatibilityVersion = "Xcode 3.2";
			developmentRegion = English;
			hasScannedForEncodings = 0;
			knownRegions = (
				en,
				Base,
			);
			mainGroup = 7A7305C91F3009D30022A2CD;
			productRefGroup = 7A7305D31F3009D30022A2CD /* Products */;
			projectDirPath = "";
			projectRoot = "";
			targets = (
				7A7305D11F3009D30022A2CD /* Vanity */,
			);
		};
/* End PBXProject section */

/* Begin PBXResourcesBuildPhase section */
		7A7305D01F3009D30022A2CD /* Resources */ = {
			isa = PBXResourcesBuildPhase;
			buildActionMask = 2147483647;
			files = (
				7AA0BA131F3CB43500A8A6BE /* Profile.storyboard in Resources */,
				7AA0BA181F3CB4F200A8A6BE /* MyEvents.storyboard in Resources */,
				7A7305E01F3009D30022A2CD /* LaunchScreen.storyboard in Resources */,
				7AFFA1F91F325E580001D162 /* SignUp.storyboard in Resources */,
				7AA0BA151F3CB49B00A8A6BE /* CreateEvent.storyboard in Resources */,
				7AAA28091F329AD500B5EA6C /* GoogleService-Info.plist in Resources */,
				7A7305DB1F3009D30022A2CD /* Main.storyboard in Resources */,
				7A6711401F337255007542EC /* Assets.xcassets in Resources */,
			);
			runOnlyForDeploymentPostprocessing = 0;
		};
/* End PBXResourcesBuildPhase section */

/* Begin PBXShellScriptBuildPhase section */
		2BC4B2AB3DF8292A87BDD95A /* [CP] Check Pods Manifest.lock */ = {
			isa = PBXShellScriptBuildPhase;
			buildActionMask = 2147483647;
			files = (
			);
			inputPaths = (
			);
			name = "[CP] Check Pods Manifest.lock";
			outputPaths = (
			);
			runOnlyForDeploymentPostprocessing = 0;
			shellPath = /bin/sh;
			shellScript = "diff \"${PODS_PODFILE_DIR_PATH}/Podfile.lock\" \"${PODS_ROOT}/Manifest.lock\" > /dev/null\nif [ $? != 0 ] ; then\n    # print error to STDERR\n    echo \"error: The sandbox is not in sync with the Podfile.lock. Run 'pod install' or update your CocoaPods installation.\" >&2\n    exit 1\nfi\n";
			showEnvVarsInLog = 0;
		};
		2D2A0059538BDFEAAB90F768 /* [CP] Embed Pods Frameworks */ = {
			isa = PBXShellScriptBuildPhase;
			buildActionMask = 2147483647;
			files = (
			);
			inputPaths = (
			);
			name = "[CP] Embed Pods Frameworks";
			outputPaths = (
			);
			runOnlyForDeploymentPostprocessing = 0;
			shellPath = /bin/sh;
			shellScript = "\"${SRCROOT}/Pods/Target Support Files/Pods-Vanity/Pods-Vanity-frameworks.sh\"\n";
			showEnvVarsInLog = 0;
		};
		D45A7D146CC2C87EB1A4950A /* [CP] Copy Pods Resources */ = {
			isa = PBXShellScriptBuildPhase;
			buildActionMask = 2147483647;
			files = (
			);
			inputPaths = (
			);
			name = "[CP] Copy Pods Resources";
			outputPaths = (
			);
			runOnlyForDeploymentPostprocessing = 0;
			shellPath = /bin/sh;
			shellScript = "\"${SRCROOT}/Pods/Target Support Files/Pods-Vanity/Pods-Vanity-resources.sh\"\n";
			showEnvVarsInLog = 0;
		};
/* End PBXShellScriptBuildPhase section */

/* Begin PBXSourcesBuildPhase section */
		7A7305CE1F3009D30022A2CD /* Sources */ = {
			isa = PBXSourcesBuildPhase;
			buildActionMask = 2147483647;
			files = (
				7AFFA1FC1F325EDA0001D162 /* SignUpViewController.swift in Sources */,
				7AFFA1FF1F3260760001D162 /* Helpers.swift in Sources */,
				7AFFA1F61F325E110001D162 /* Constants.swift in Sources */,
				7AFFA1F31F325DB80001D162 /* User.swift in Sources */,
				7A7305D81F3009D30022A2CD /* ViewController.swift in Sources */,
				7AA3BD611F34C6F6001D669F /* CreateUsername.swift in Sources */,
				7AA3BD5F1F34B97D001D669F /* LoginViewController.swift in Sources */,
				7A7305D61F3009D30022A2CD /* AppDelegate.swift in Sources */,
				7AFFA1EE1F325D490001D162 /* UserService.swift in Sources */,
				7A65D93C1F33A2A900AA0C7E /* AuthService.swift in Sources */,
			);
			runOnlyForDeploymentPostprocessing = 0;
		};
/* End PBXSourcesBuildPhase section */

/* Begin PBXVariantGroup section */
		7A7305D91F3009D30022A2CD /* Main.storyboard */ = {
			isa = PBXVariantGroup;
			children = (
				7A7305DA1F3009D30022A2CD /* Base */,
			);
			name = Main.storyboard;
			path = Vanity;
			sourceTree = "<group>";
		};
		7A7305DE1F3009D30022A2CD /* LaunchScreen.storyboard */ = {
			isa = PBXVariantGroup;
			children = (
				7A7305DF1F3009D30022A2CD /* Base */,
			);
			name = LaunchScreen.storyboard;
			path = Vanity;
			sourceTree = "<group>";
		};
		7AA0BA111F3CB43500A8A6BE /* Profile.storyboard */ = {
			isa = PBXVariantGroup;
			children = (
				7AA0BA121F3CB43500A8A6BE /* Base */,
			);
			name = Profile.storyboard;
			sourceTree = "<group>";
		};
		7AA0BA161F3CB4F200A8A6BE /* MyEvents.storyboard */ = {
			isa = PBXVariantGroup;
			children = (
				7AA0BA171F3CB4F200A8A6BE /* Base */,
			);
			name = MyEvents.storyboard;
			sourceTree = "<group>";
		};
/* End PBXVariantGroup section */

/* Begin XCBuildConfiguration section */
		7A7305E21F3009D30022A2CD /* Debug */ = {
			isa = XCBuildConfiguration;
			buildSettings = {
				ALWAYS_SEARCH_USER_PATHS = NO;
				CLANG_ANALYZER_NONNULL = YES;
				CLANG_ANALYZER_NUMBER_OBJECT_CONVERSION = YES_AGGRESSIVE;
				CLANG_CXX_LANGUAGE_STANDARD = "gnu++0x";
				CLANG_CXX_LIBRARY = "libc++";
				CLANG_ENABLE_MODULES = YES;
				CLANG_ENABLE_OBJC_ARC = YES;
				CLANG_WARN_BOOL_CONVERSION = YES;
				CLANG_WARN_CONSTANT_CONVERSION = YES;
				CLANG_WARN_DIRECT_OBJC_ISA_USAGE = YES_ERROR;
				CLANG_WARN_DOCUMENTATION_COMMENTS = YES;
				CLANG_WARN_EMPTY_BODY = YES;
				CLANG_WARN_ENUM_CONVERSION = YES;
				CLANG_WARN_INFINITE_RECURSION = YES;
				CLANG_WARN_INT_CONVERSION = YES;
				CLANG_WARN_OBJC_ROOT_CLASS = YES_ERROR;
				CLANG_WARN_SUSPICIOUS_MOVE = YES;
				CLANG_WARN_UNREACHABLE_CODE = YES;
				CLANG_WARN__DUPLICATE_METHOD_MATCH = YES;
				"CODE_SIGN_IDENTITY[sdk=iphoneos*]" = "iPhone Developer";
				COPY_PHASE_STRIP = NO;
				DEBUG_INFORMATION_FORMAT = dwarf;
				ENABLE_STRICT_OBJC_MSGSEND = YES;
				ENABLE_TESTABILITY = YES;
				GCC_C_LANGUAGE_STANDARD = gnu99;
				GCC_DYNAMIC_NO_PIC = NO;
				GCC_NO_COMMON_BLOCKS = YES;
				GCC_OPTIMIZATION_LEVEL = 0;
				GCC_PREPROCESSOR_DEFINITIONS = (
					"DEBUG=1",
					"$(inherited)",
				);
				GCC_WARN_64_TO_32_BIT_CONVERSION = YES;
				GCC_WARN_ABOUT_RETURN_TYPE = YES_ERROR;
				GCC_WARN_UNDECLARED_SELECTOR = YES;
				GCC_WARN_UNINITIALIZED_AUTOS = YES_AGGRESSIVE;
				GCC_WARN_UNUSED_FUNCTION = YES;
				GCC_WARN_UNUSED_VARIABLE = YES;
				IPHONEOS_DEPLOYMENT_TARGET = 10.3;
				MTL_ENABLE_DEBUG_INFO = YES;
				ONLY_ACTIVE_ARCH = YES;
				SDKROOT = iphoneos;
				SWIFT_ACTIVE_COMPILATION_CONDITIONS = DEBUG;
				SWIFT_OPTIMIZATION_LEVEL = "-Onone";
			};
			name = Debug;
		};
		7A7305E31F3009D30022A2CD /* Release */ = {
			isa = XCBuildConfiguration;
			buildSettings = {
				ALWAYS_SEARCH_USER_PATHS = NO;
				CLANG_ANALYZER_NONNULL = YES;
				CLANG_ANALYZER_NUMBER_OBJECT_CONVERSION = YES_AGGRESSIVE;
				CLANG_CXX_LANGUAGE_STANDARD = "gnu++0x";
				CLANG_CXX_LIBRARY = "libc++";
				CLANG_ENABLE_MODULES = YES;
				CLANG_ENABLE_OBJC_ARC = YES;
				CLANG_WARN_BOOL_CONVERSION = YES;
				CLANG_WARN_CONSTANT_CONVERSION = YES;
				CLANG_WARN_DIRECT_OBJC_ISA_USAGE = YES_ERROR;
				CLANG_WARN_DOCUMENTATION_COMMENTS = YES;
				CLANG_WARN_EMPTY_BODY = YES;
				CLANG_WARN_ENUM_CONVERSION = YES;
				CLANG_WARN_INFINITE_RECURSION = YES;
				CLANG_WARN_INT_CONVERSION = YES;
				CLANG_WARN_OBJC_ROOT_CLASS = YES_ERROR;
				CLANG_WARN_SUSPICIOUS_MOVE = YES;
				CLANG_WARN_UNREACHABLE_CODE = YES;
				CLANG_WARN__DUPLICATE_METHOD_MATCH = YES;
				"CODE_SIGN_IDENTITY[sdk=iphoneos*]" = "iPhone Developer";
				COPY_PHASE_STRIP = NO;
				DEBUG_INFORMATION_FORMAT = "dwarf-with-dsym";
				ENABLE_NS_ASSERTIONS = NO;
				ENABLE_STRICT_OBJC_MSGSEND = YES;
				GCC_C_LANGUAGE_STANDARD = gnu99;
				GCC_NO_COMMON_BLOCKS = YES;
				GCC_WARN_64_TO_32_BIT_CONVERSION = YES;
				GCC_WARN_ABOUT_RETURN_TYPE = YES_ERROR;
				GCC_WARN_UNDECLARED_SELECTOR = YES;
				GCC_WARN_UNINITIALIZED_AUTOS = YES_AGGRESSIVE;
				GCC_WARN_UNUSED_FUNCTION = YES;
				GCC_WARN_UNUSED_VARIABLE = YES;
				IPHONEOS_DEPLOYMENT_TARGET = 10.3;
				MTL_ENABLE_DEBUG_INFO = NO;
				SDKROOT = iphoneos;
				SWIFT_OPTIMIZATION_LEVEL = "-Owholemodule";
				VALIDATE_PRODUCT = YES;
			};
			name = Release;
		};
		7A7305E51F3009D30022A2CD /* Debug */ = {
			isa = XCBuildConfiguration;
			baseConfigurationReference = 9C1561C0370BDBD566E59506 /* Pods-Vanity.debug.xcconfig */;
			buildSettings = {
				DEVELOPMENT_TEAM = KWK86AMUQU;
				INFOPLIST_FILE = Vanity/Info.plist;
				LD_RUNPATH_SEARCH_PATHS = "$(inherited) @executable_path/Frameworks";
				PRODUCT_BUNDLE_IDENTIFIER = com.BenLamineS.Vanity;
				PRODUCT_NAME = "$(TARGET_NAME)";
				SWIFT_VERSION = 3.0;
			};
			name = Debug;
		};
		7A7305E61F3009D30022A2CD /* Release */ = {
			isa = XCBuildConfiguration;
			baseConfigurationReference = 8C5D84F26BCC2431CB7D333B /* Pods-Vanity.release.xcconfig */;
			buildSettings = {
				DEVELOPMENT_TEAM = KWK86AMUQU;
				INFOPLIST_FILE = Vanity/Info.plist;
				LD_RUNPATH_SEARCH_PATHS = "$(inherited) @executable_path/Frameworks";
				PRODUCT_BUNDLE_IDENTIFIER = com.BenLamineS.Vanity;
				PRODUCT_NAME = "$(TARGET_NAME)";
				SWIFT_VERSION = 3.0;
			};
			name = Release;
		};
/* End XCBuildConfiguration section */

/* Begin XCConfigurationList section */
		7A7305CD1F3009D30022A2CD /* Build configuration list for PBXProject "Vanity" */ = {
			isa = XCConfigurationList;
			buildConfigurations = (
				7A7305E21F3009D30022A2CD /* Debug */,
				7A7305E31F3009D30022A2CD /* Release */,
			);
			defaultConfigurationIsVisible = 0;
			defaultConfigurationName = Release;
		};
		7A7305E41F3009D30022A2CD /* Build configuration list for PBXNativeTarget "Vanity" */ = {
			isa = XCConfigurationList;
			buildConfigurations = (
				7A7305E51F3009D30022A2CD /* Debug */,
				7A7305E61F3009D30022A2CD /* Release */,
			);
			defaultConfigurationIsVisible = 0;
			defaultConfigurationName = Release;
		};
/* End XCConfigurationList section */
	};
	rootObject = 7A7305CA1F3009D30022A2CD /* Project object */;
}
